
Microsoft Visual Studio Solution File, Format Version 12.00
# Visual Studio Version 16
VisualStudioVersion = 16.0.30011.22
MinimumVisualStudioVersion = 10.0.40219.1
Project("{FAE04EC0-301F-11D3-BF4B-00C04F79EFBC}") = "40kDiceRoller", "40kDiceRoller\40kDiceRoller.csproj", "{0CEE2215-E3A6-4F20-9308-11149E525E88}"
EndProject
Global
	GlobalSection(SolutionConfigurationPlatforms) = preSolution
		Debug|Any CPU = Debug|Any CPU
		Release|Any CPU = Release|Any CPU
	EndGlobalSection
	GlobalSection(ProjectConfigurationPlatforms) = postSolution
		{0CEE2215-E3A6-4F20-9308-11149E525E88}.Debug|Any CPU.ActiveCfg = Debug|Any CPU
		{0CEE2215-E3A6-4F20-9308-11149E525E88}.Debug|Any CPU.Build.0 = Debug|Any CPU
		{0CEE2215-E3A6-4F20-9308-11149E525E88}.Release|Any CPU.ActiveCfg = Release|Any CPU
		{0CEE2215-E3A6-4F20-9308-11149E525E88}.Release|Any CPU.Build.0 = Release|Any CPU
	EndGlobalSection
	GlobalSection(SolutionProperties) = preSolution
		HideSolutionNode = FALSE
	EndGlobalSection
	GlobalSection(ExtensibilityGlobals) = postSolution
		SolutionGuid = {DBAF2E0E-F52C-4563-95F6-37416CFA7FA2}
	EndGlobalSection
EndGlobal
